
Microsoft Visual Studio Solution File, Format Version 12.00
# Visual Studio 15
VisualStudioVersion = 15.0.28010.2048
MinimumVisualStudioVersion = 10.0.40219.1
Project("{FAE04EC0-301F-11D3-BF4B-00C04F79EFBC}") = "LogConAdm", "LogConAdm\LogConAdm.csproj", "{9BE4FEA9-7BF5-4099-93D1-694191DCCEF1}"
EndProject
Global
	GlobalSection(SolutionConfigurationPlatforms) = preSolution
		Debug|Any CPU = Debug|Any CPU
		Release|Any CPU = Release|Any CPU
	EndGlobalSection
	GlobalSection(ProjectConfigurationPlatforms) = postSolution
		{9BE4FEA9-7BF5-4099-93D1-694191DCCEF1}.Debug|Any CPU.ActiveCfg = Debug|Any CPU
		{9BE4FEA9-7BF5-4099-93D1-694191DCCEF1}.Debug|Any CPU.Build.0 = Debug|Any CPU
		{9BE4FEA9-7BF5-4099-93D1-694191DCCEF1}.Release|Any CPU.ActiveCfg = Release|Any CPU
		{9BE4FEA9-7BF5-4099-93D1-694191DCCEF1}.Release|Any CPU.Build.0 = Release|Any CPU
	EndGlobalSection
	GlobalSection(SolutionProperties) = preSolution
		HideSolutionNode = FALSE
	EndGlobalSection
	GlobalSection(ExtensibilityGlobals) = postSolution
		SolutionGuid = {BBAD8CF9-E859-4CE0-BD4A-3B0768B6067A}
	EndGlobalSection
EndGlobal
